
Microsoft Visual Studio Solution File, Format Version 12.00
# Visual Studio Version 17
VisualStudioVersion = 17.3.32811.315
MinimumVisualStudioVersion = 10.0.40219.1
Project("{FAE04EC0-301F-11D3-BF4B-00C04F79EFBC}") = "PaulQpro.Libraries.Math", "PaulQpro.Libraries.Math\PaulQpro.Libraries.Math.csproj", "{3B298023-AC1C-4D93-86E1-A87FCD691492}"
EndProject
Project("{FAE04EC0-301F-11D3-BF4B-00C04F79EFBC}") = "Tester", "Tester\Tester.csproj", "{A445257E-4817-4495-AD86-ABB90ADBA269}"
EndProject
Global
	GlobalSection(SolutionConfigurationPlatforms) = preSolution
		Debug|Any CPU = Debug|Any CPU
		Release|Any CPU = Release|Any CPU
	EndGlobalSection
	GlobalSection(ProjectConfigurationPlatforms) = postSolution
		{3B298023-AC1C-4D93-86E1-A87FCD691492}.Debug|Any CPU.ActiveCfg = Debug|Any CPU
		{3B298023-AC1C-4D93-86E1-A87FCD691492}.Debug|Any CPU.Build.0 = Debug|Any CPU
		{3B298023-AC1C-4D93-86E1-A87FCD691492}.Release|Any CPU.ActiveCfg = Release|Any CPU
		{3B298023-AC1C-4D93-86E1-A87FCD691492}.Release|Any CPU.Build.0 = Release|Any CPU
		{A445257E-4817-4495-AD86-ABB90ADBA269}.Debug|Any CPU.ActiveCfg = Debug|Any CPU
		{A445257E-4817-4495-AD86-ABB90ADBA269}.Debug|Any CPU.Build.0 = Debug|Any CPU
		{A445257E-4817-4495-AD86-ABB90ADBA269}.Release|Any CPU.ActiveCfg = Release|Any CPU
		{A445257E-4817-4495-AD86-ABB90ADBA269}.Release|Any CPU.Build.0 = Release|Any CPU
	EndGlobalSection
	GlobalSection(SolutionProperties) = preSolution
		HideSolutionNode = FALSE
	EndGlobalSection
	GlobalSection(ExtensibilityGlobals) = postSolution
		SolutionGuid = {ED6F0FE4-2A0A-4833-A866-B10CC538B006}
	EndGlobalSection
EndGlobal
